// !$*UTF8*$!
{
	archiveVersion = 1;
	classes = {
	};
	objectVersion = 46;
	objects = {

/* Begin PBXBuildFile section */
		2415DE4A18337AD0006E216B /* appstore_1024x1024.png in Resources */ = {isa = PBXBuildFile; fileRef = 2415DE3818337AD0006E216B /* appstore_1024x1024.png */; };
		2415DE4B18337AD0006E216B /* Default-568h@2x.png in Resources */ = {isa = PBXBuildFile; fileRef = 2415DE3918337AD0006E216B /* Default-568h@2x.png */; };
		2415DE4C18337AD0006E216B /* Default-Landscape@2x~iPad.png in Resources */ = {isa = PBXBuildFile; fileRef = 2415DE3A18337AD0006E216B /* Default-Landscape@2x~iPad.png */; };
		2415DE4D18337AD0006E216B /* Default-Landscape~iPad.png in Resources */ = {isa = PBXBuildFile; fileRef = 2415DE3B18337AD0006E216B /* Default-Landscape~iPad.png */; };
		2415DE4E18337AD0006E216B /* Default-Portrait@2x~iPad.png in Resources */ = {isa = PBXBuildFile; fileRef = 2415DE3C18337AD0006E216B /* Default-Portrait@2x~iPad.png */; };
		2415DE4F18337AD0006E216B /* Default-Portrait~iPad.png in Resources */ = {isa = PBXBuildFile; fileRef = 2415DE3D18337AD0006E216B /* Default-Portrait~iPad.png */; };
		2415DE5018337AD0006E216B /* Default.png in Resources */ = {isa = PBXBuildFile; fileRef = 2415DE3E18337AD0006E216B /* Default.png */; };
		2415DE5118337AD0006E216B /* Default@2x.png in Resources */ = {isa = PBXBuildFile; fileRef = 2415DE3F18337AD0006E216B /* Default@2x.png */; };
		2415DE5218337AD0006E216B /* ferrari_ff.png in Resources */ = {isa = PBXBuildFile; fileRef = 2415DE4018337AD0006E216B /* ferrari_ff.png */; };
		2415DE5318337AD0006E216B /* icon-iPad.png in Resources */ = {isa = PBXBuildFile; fileRef = 2415DE4118337AD0006E216B /* icon-iPad.png */; };
		2415DE5418337AD0006E216B /* icon-iPad@2x.png in Resources */ = {isa = PBXBuildFile; fileRef = 2415DE4218337AD0006E216B /* icon-iPad@2x.png */; };
		2415DE5518337AD0006E216B /* icon-iPhone.png in Resources */ = {isa = PBXBuildFile; fileRef = 2415DE4318337AD0006E216B /* icon-iPhone.png */; };
		2415DE5618337AD0006E216B /* icon-iPhone@2x.png in Resources */ = {isa = PBXBuildFile; fileRef = 2415DE4418337AD0006E216B /* icon-iPhone@2x.png */; };
		2415DE5718337AD0006E216B /* mclaren.png in Resources */ = {isa = PBXBuildFile; fileRef = 2415DE4518337AD0006E216B /* mclaren.png */; };
		2415DE5818337AD0006E216B /* tab_carros.png in Resources */ = {isa = PBXBuildFile; fileRef = 2415DE4618337AD0006E216B /* tab_carros.png */; };
		2415DE5918337AD0006E216B /* tab_carros@2x.png in Resources */ = {isa = PBXBuildFile; fileRef = 2415DE4718337AD0006E216B /* tab_carros@2x.png */; };
		2415DE5A18337AD0006E216B /* tab_sobre.png in Resources */ = {isa = PBXBuildFile; fileRef = 2415DE4818337AD0006E216B /* tab_sobre.png */; };
		2415DE5B18337AD0006E216B /* tab_sobre@2x.png in Resources */ = {isa = PBXBuildFile; fileRef = 2415DE4918337AD0006E216B /* tab_sobre@2x.png */; };
		24F2099C183BACB700974C30 /* DSMUtils.m in Sources */ = {isa = PBXBuildFile; fileRef = 24F2099B183BACB700974C30 /* DSMUtils.m */; };
		24F58903183A13AA00747A27 /* DSMMeuSegundoViewController.m in Sources */ = {isa = PBXBuildFile; fileRef = 24F58901183A13AA00747A27 /* DSMMeuSegundoViewController.m */; };
		24F58904183A13AA00747A27 /* DSMMeuSegundoViewController.xib in Resources */ = {isa = PBXBuildFile; fileRef = 24F58902183A13AA00747A27 /* DSMMeuSegundoViewController.xib */; };
		24FC1B041832330200BDAF3E /* Foundation.framework in Frameworks */ = {isa = PBXBuildFile; fileRef = 24FC1B031832330200BDAF3E /* Foundation.framework */; };
		24FC1B061832330200BDAF3E /* CoreGraphics.framework in Frameworks */ = {isa = PBXBuildFile; fileRef = 24FC1B051832330200BDAF3E /* CoreGraphics.framework */; };
		24FC1B081832330200BDAF3E /* UIKit.framework in Frameworks */ = {isa = PBXBuildFile; fileRef = 24FC1B071832330200BDAF3E /* UIKit.framework */; };
		24FC1B0E1832330200BDAF3E /* InfoPlist.strings in Resources */ = {isa = PBXBuildFile; fileRef = 24FC1B0C1832330200BDAF3E /* InfoPlist.strings */; };
		24FC1B101832330200BDAF3E /* main.m in Sources */ = {isa = PBXBuildFile; fileRef = 24FC1B0F1832330200BDAF3E /* main.m */; };
		24FC1B141832330200BDAF3E /* DSMAppDelegate.m in Sources */ = {isa = PBXBuildFile; fileRef = 24FC1B131832330200BDAF3E /* DSMAppDelegate.m */; };
		24FC1B171832330200BDAF3E /* Main_iPhone.storyboard in Resources */ = {isa = PBXBuildFile; fileRef = 24FC1B151832330200BDAF3E /* Main_iPhone.storyboard */; };
		24FC1B1A1832330200BDAF3E /* Main_iPad.storyboard in Resources */ = {isa = PBXBuildFile; fileRef = 24FC1B181832330200BDAF3E /* Main_iPad.storyboard */; };
		24FC1B1D1832330200BDAF3E /* DSMViewController.m in Sources */ = {isa = PBXBuildFile; fileRef = 24FC1B1C1832330200BDAF3E /* DSMViewController.m */; };
		24FC1B1F1832330200BDAF3E /* Images.xcassets in Resources */ = {isa = PBXBuildFile; fileRef = 24FC1B1E1832330200BDAF3E /* Images.xcassets */; };
		24FC1B261832330200BDAF3E /* XCTest.framework in Frameworks */ = {isa = PBXBuildFile; fileRef = 24FC1B251832330200BDAF3E /* XCTest.framework */; };
		24FC1B271832330200BDAF3E /* Foundation.framework in Frameworks */ = {isa = PBXBuildFile; fileRef = 24FC1B031832330200BDAF3E /* Foundation.framework */; };
		24FC1B281832330200BDAF3E /* UIKit.framework in Frameworks */ = {isa = PBXBuildFile; fileRef = 24FC1B071832330200BDAF3E /* UIKit.framework */; };
		24FC1B301832330200BDAF3E /* InfoPlist.strings in Resources */ = {isa = PBXBuildFile; fileRef = 24FC1B2E1832330200BDAF3E /* InfoPlist.strings */; };
		24FC1B321832330200BDAF3E /* OlaMundoTests.m in Sources */ = {isa = PBXBuildFile; fileRef = 24FC1B311832330200BDAF3E /* OlaMundoTests.m */; };
		24FC1B3E1832337A00BDAF3E /* DSMMeuPrimeiroViewController.m in Sources */ = {isa = PBXBuildFile; fileRef = 24FC1B3C1832337A00BDAF3E /* DSMMeuPrimeiroViewController.m */; };
		24FC1B3F1832337A00BDAF3E /* DSMMeuPrimeiroViewController.xib in Resources */ = {isa = PBXBuildFile; fileRef = 24FC1B3D1832337A00BDAF3E /* DSMMeuPrimeiroViewController.xib */; };
/* End PBXBuildFile section */

/* Begin PBXContainerItemProxy section */
		24FC1B291832330200BDAF3E /* PBXContainerItemProxy */ = {
			isa = PBXContainerItemProxy;
			containerPortal = 24FC1AF81832330200BDAF3E /* Project object */;
			proxyType = 1;
			remoteGlobalIDString = 24FC1AFF1832330200BDAF3E;
			remoteInfo = OlaMundo;
		};
/* End PBXContainerItemProxy section */

/* Begin PBXFileReference section */
		2415DE3818337AD0006E216B /* appstore_1024x1024.png */ = {isa = PBXFileReference; lastKnownFileType = image.png; path = appstore_1024x1024.png; sourceTree = "<group>"; };
		2415DE3918337AD0006E216B /* Default-568h@2x.png */ = {isa = PBXFileReference; lastKnownFileType = image.png; path = "Default-568h@2x.png"; sourceTree = "<group>"; };
		2415DE3A18337AD0006E216B /* Default-Landscape@2x~iPad.png */ = {isa = PBXFileReference; lastKnownFileType = image.png; path = "Default-Landscape@2x~iPad.png"; sourceTree = "<group>"; };
		2415DE3B18337AD0006E216B /* Default-Landscape~iPad.png */ = {isa = PBXFileReference; lastKnownFileType = image.png; path = "Default-Landscape~iPad.png"; sourceTree = "<group>"; };
		2415DE3C18337AD0006E216B /* Default-Portrait@2x~iPad.png */ = {isa = PBXFileReference; lastKnownFileType = image.png; path = "Default-Portrait@2x~iPad.png"; sourceTree = "<group>"; };
		2415DE3D18337AD0006E216B /* Default-Portrait~iPad.png */ = {isa = PBXFileReference; lastKnownFileType = image.png; path = "Default-Portrait~iPad.png"; sourceTree = "<group>"; };
		2415DE3E18337AD0006E216B /* Default.png */ = {isa = PBXFileReference; lastKnownFileType = image.png; path = Default.png; sourceTree = "<group>"; };
		2415DE3F18337AD0006E216B /* Default@2x.png */ = {isa = PBXFileReference; lastKnownFileType = image.png; path = "Default@2x.png"; sourceTree = "<group>"; };
		2415DE4018337AD0006E216B /* ferrari_ff.png */ = {isa = PBXFileReference; lastKnownFileType = image.png; path = ferrari_ff.png; sourceTree = "<group>"; };
		2415DE4118337AD0006E216B /* icon-iPad.png */ = {isa = PBXFileReference; lastKnownFileType = image.png; path = "icon-iPad.png"; sourceTree = "<group>"; };
		2415DE4218337AD0006E216B /* icon-iPad@2x.png */ = {isa = PBXFileReference; lastKnownFileType = image.png; path = "icon-iPad@2x.png"; sourceTree = "<group>"; };
		2415DE4318337AD0006E216B /* icon-iPhone.png */ = {isa = PBXFileReference; lastKnownFileType = image.png; path = "icon-iPhone.png"; sourceTree = "<group>"; };
		2415DE4418337AD0006E216B /* icon-iPhone@2x.png */ = {isa = PBXFileReference; lastKnownFileType = image.png; path = "icon-iPhone@2x.png"; sourceTree = "<group>"; };
		2415DE4518337AD0006E216B /* mclaren.png */ = {isa = PBXFileReference; lastKnownFileType = image.png; path = mclaren.png; sourceTree = "<group>"; };
		2415DE4618337AD0006E216B /* tab_carros.png */ = {isa = PBXFileReference; lastKnownFileType = image.png; path = tab_carros.png; sourceTree = "<group>"; };
		2415DE4718337AD0006E216B /* tab_carros@2x.png */ = {isa = PBXFileReference; lastKnownFileType = image.png; path = "tab_carros@2x.png"; sourceTree = "<group>"; };
		2415DE4818337AD0006E216B /* tab_sobre.png */ = {isa = PBXFileReference; lastKnownFileType = image.png; path = tab_sobre.png; sourceTree = "<group>"; };
		2415DE4918337AD0006E216B /* tab_sobre@2x.png */ = {isa = PBXFileReference; lastKnownFileType = image.png; path = "tab_sobre@2x.png"; sourceTree = "<group>"; };
		24F2099A183BACB700974C30 /* DSMUtils.h */ = {isa = PBXFileReference; fileEncoding = 4; lastKnownFileType = sourcecode.c.h; path = DSMUtils.h; sourceTree = "<group>"; };
		24F2099B183BACB700974C30 /* DSMUtils.m */ = {isa = PBXFileReference; fileEncoding = 4; lastKnownFileType = sourcecode.c.objc; path = DSMUtils.m; sourceTree = "<group>"; };
		24F58900183A13AA00747A27 /* DSMMeuSegundoViewController.h */ = {isa = PBXFileReference; fileEncoding = 4; lastKnownFileType = sourcecode.c.h; path = DSMMeuSegundoViewController.h; sourceTree = "<group>"; };
		24F58901183A13AA00747A27 /* DSMMeuSegundoViewController.m */ = {isa = PBXFileReference; fileEncoding = 4; lastKnownFileType = sourcecode.c.objc; path = DSMMeuSegundoViewController.m; sourceTree = "<group>"; };
		24F58902183A13AA00747A27 /* DSMMeuSegundoViewController.xib */ = {isa = PBXFileReference; fileEncoding = 4; lastKnownFileType = file.xib; path = DSMMeuSegundoViewController.xib; sourceTree = "<group>"; };
		24FC1B001832330200BDAF3E /* OlaMundo.app */ = {isa = PBXFileReference; explicitFileType = wrapper.application; includeInIndex = 0; path = OlaMundo.app; sourceTree = BUILT_PRODUCTS_DIR; };
		24FC1B031832330200BDAF3E /* Foundation.framework */ = {isa = PBXFileReference; lastKnownFileType = wrapper.framework; name = Foundation.framework; path = System/Library/Frameworks/Foundation.framework; sourceTree = SDKROOT; };
		24FC1B051832330200BDAF3E /* CoreGraphics.framework */ = {isa = PBXFileReference; lastKnownFileType = wrapper.framework; name = CoreGraphics.framework; path = System/Library/Frameworks/CoreGraphics.framework; sourceTree = SDKROOT; };
		24FC1B071832330200BDAF3E /* UIKit.framework */ = {isa = PBXFileReference; lastKnownFileType = wrapper.framework; name = UIKit.framework; path = System/Library/Frameworks/UIKit.framework; sourceTree = SDKROOT; };
		24FC1B0B1832330200BDAF3E /* OlaMundo-Info.plist */ = {isa = PBXFileReference; lastKnownFileType = text.plist.xml; path = "OlaMundo-Info.plist"; sourceTree = "<group>"; };
		24FC1B0D1832330200BDAF3E /* en */ = {isa = PBXFileReference; lastKnownFileType = text.plist.strings; name = en; path = en.lproj/InfoPlist.strings; sourceTree = "<group>"; };
		24FC1B0F1832330200BDAF3E /* main.m */ = {isa = PBXFileReference; lastKnownFileType = sourcecode.c.objc; path = main.m; sourceTree = "<group>"; };
		24FC1B111832330200BDAF3E /* OlaMundo-Prefix.pch */ = {isa = PBXFileReference; lastKnownFileType = sourcecode.c.h; path = "OlaMundo-Prefix.pch"; sourceTree = "<group>"; };
		24FC1B121832330200BDAF3E /* DSMAppDelegate.h */ = {isa = PBXFileReference; lastKnownFileType = sourcecode.c.h; path = DSMAppDelegate.h; sourceTree = "<group>"; };
		24FC1B131832330200BDAF3E /* DSMAppDelegate.m */ = {isa = PBXFileReference; lastKnownFileType = sourcecode.c.objc; path = DSMAppDelegate.m; sourceTree = "<group>"; };
		24FC1B161832330200BDAF3E /* Base */ = {isa = PBXFileReference; lastKnownFileType = file.storyboard; name = Base; path = Base.lproj/Main_iPhone.storyboard; sourceTree = "<group>"; };
		24FC1B191832330200BDAF3E /* Base */ = {isa = PBXFileReference; lastKnownFileType = file.storyboard; name = Base; path = Base.lproj/Main_iPad.storyboard; sourceTree = "<group>"; };
		24FC1B1B1832330200BDAF3E /* DSMViewController.h */ = {isa = PBXFileReference; lastKnownFileType = sourcecode.c.h; path = DSMViewController.h; sourceTree = "<group>"; };
		24FC1B1C1832330200BDAF3E /* DSMViewController.m */ = {isa = PBXFileReference; lastKnownFileType = sourcecode.c.objc; path = DSMViewController.m; sourceTree = "<group>"; };
		24FC1B1E1832330200BDAF3E /* Images.xcassets */ = {isa = PBXFileReference; lastKnownFileType = folder.assetcatalog; path = Images.xcassets; sourceTree = "<group>"; };
		24FC1B241832330200BDAF3E /* OlaMundoTests.xctest */ = {isa = PBXFileReference; explicitFileType = wrapper.cfbundle; includeInIndex = 0; path = OlaMundoTests.xctest; sourceTree = BUILT_PRODUCTS_DIR; };
		24FC1B251832330200BDAF3E /* XCTest.framework */ = {isa = PBXFileReference; lastKnownFileType = wrapper.framework; name = XCTest.framework; path = Library/Frameworks/XCTest.framework; sourceTree = DEVELOPER_DIR; };
		24FC1B2D1832330200BDAF3E /* OlaMundoTests-Info.plist */ = {isa = PBXFileReference; lastKnownFileType = text.plist.xml; path = "OlaMundoTests-Info.plist"; sourceTree = "<group>"; };
		24FC1B2F1832330200BDAF3E /* en */ = {isa = PBXFileReference; lastKnownFileType = text.plist.strings; name = en; path = en.lproj/InfoPlist.strings; sourceTree = "<group>"; };
		24FC1B311832330200BDAF3E /* OlaMundoTests.m */ = {isa = PBXFileReference; lastKnownFileType = sourcecode.c.objc; path = OlaMundoTests.m; sourceTree = "<group>"; };
		24FC1B3B1832337A00BDAF3E /* DSMMeuPrimeiroViewController.h */ = {isa = PBXFileReference; fileEncoding = 4; lastKnownFileType = sourcecode.c.h; path = DSMMeuPrimeiroViewController.h; sourceTree = "<group>"; };
		24FC1B3C1832337A00BDAF3E /* DSMMeuPrimeiroViewController.m */ = {isa = PBXFileReference; fileEncoding = 4; lastKnownFileType = sourcecode.c.objc; path = DSMMeuPrimeiroViewController.m; sourceTree = "<group>"; };
		24FC1B3D1832337A00BDAF3E /* DSMMeuPrimeiroViewController.xib */ = {isa = PBXFileReference; fileEncoding = 4; lastKnownFileType = file.xib; path = DSMMeuPrimeiroViewController.xib; sourceTree = "<group>"; };
/* End PBXFileReference section */

/* Begin PBXFrameworksBuildPhase section */
		24FC1AFD1832330200BDAF3E /* Frameworks */ = {
			isa = PBXFrameworksBuildPhase;
			buildActionMask = 2147483647;
			files = (
				24FC1B061832330200BDAF3E /* CoreGraphics.framework in Frameworks */,
				24FC1B081832330200BDAF3E /* UIKit.framework in Frameworks */,
				24FC1B041832330200BDAF3E /* Foundation.framework in Frameworks */,
			);
			runOnlyForDeploymentPostprocessing = 0;
		};
		24FC1B211832330200BDAF3E /* Frameworks */ = {
			isa = PBXFrameworksBuildPhase;
			buildActionMask = 2147483647;
			files = (
				24FC1B261832330200BDAF3E /* XCTest.framework in Frameworks */,
				24FC1B281832330200BDAF3E /* UIKit.framework in Frameworks */,
				24FC1B271832330200BDAF3E /* Foundation.framework in Frameworks */,
			);
			runOnlyForDeploymentPostprocessing = 0;
		};
/* End PBXFrameworksBuildPhase section */

/* Begin PBXGroup section */
		2415DE3718337AD0006E216B /* Imagens */ = {
			isa = PBXGroup;
			children = (
				2415DE3818337AD0006E216B /* appstore_1024x1024.png */,
				2415DE3918337AD0006E216B /* Default-568h@2x.png */,
				2415DE3A18337AD0006E216B /* Default-Landscape@2x~iPad.png */,
				2415DE3B18337AD0006E216B /* Default-Landscape~iPad.png */,
				2415DE3C18337AD0006E216B /* Default-Portrait@2x~iPad.png */,
				2415DE3D18337AD0006E216B /* Default-Portrait~iPad.png */,
				2415DE3E18337AD0006E216B /* Default.png */,
				2415DE3F18337AD0006E216B /* Default@2x.png */,
				2415DE4018337AD0006E216B /* ferrari_ff.png */,
				2415DE4118337AD0006E216B /* icon-iPad.png */,
				2415DE4218337AD0006E216B /* icon-iPad@2x.png */,
				2415DE4318337AD0006E216B /* icon-iPhone.png */,
				2415DE4418337AD0006E216B /* icon-iPhone@2x.png */,
				2415DE4518337AD0006E216B /* mclaren.png */,
				2415DE4618337AD0006E216B /* tab_carros.png */,
				2415DE4718337AD0006E216B /* tab_carros@2x.png */,
				2415DE4818337AD0006E216B /* tab_sobre.png */,
				2415DE4918337AD0006E216B /* tab_sobre@2x.png */,
			);
			path = Imagens;
			sourceTree = "<group>";
		};
		24FC1AF71832330200BDAF3E = {
			isa = PBXGroup;
			children = (
				24FC1B091832330200BDAF3E /* OlaMundo */,
				24FC1B2B1832330200BDAF3E /* OlaMundoTests */,
				24FC1B021832330200BDAF3E /* Frameworks */,
				24FC1B011832330200BDAF3E /* Products */,
			);
			sourceTree = "<group>";
		};
		24FC1B011832330200BDAF3E /* Products */ = {
			isa = PBXGroup;
			children = (
				24FC1B001832330200BDAF3E /* OlaMundo.app */,
				24FC1B241832330200BDAF3E /* OlaMundoTests.xctest */,
			);
			name = Products;
			sourceTree = "<group>";
		};
		24FC1B021832330200BDAF3E /* Frameworks */ = {
			isa = PBXGroup;
			children = (
				24FC1B031832330200BDAF3E /* Foundation.framework */,
				24FC1B051832330200BDAF3E /* CoreGraphics.framework */,
				24FC1B071832330200BDAF3E /* UIKit.framework */,
				24FC1B251832330200BDAF3E /* XCTest.framework */,
			);
			name = Frameworks;
			sourceTree = "<group>";
		};
		24FC1B091832330200BDAF3E /* OlaMundo */ = {
			isa = PBXGroup;
			children = (
				24FC1B121832330200BDAF3E /* DSMAppDelegate.h */,
				24FC1B131832330200BDAF3E /* DSMAppDelegate.m */,
				24FC1B151832330200BDAF3E /* Main_iPhone.storyboard */,
				24FC1B181832330200BDAF3E /* Main_iPad.storyboard */,
				24FC1B1B1832330200BDAF3E /* DSMViewController.h */,
				24FC1B1C1832330200BDAF3E /* DSMViewController.m */,
				24FC1B1E1832330200BDAF3E /* Images.xcassets */,
				2415DE3718337AD0006E216B /* Imagens */,
				24FC1B0A1832330200BDAF3E /* Supporting Files */,
				24FC1B3B1832337A00BDAF3E /* DSMMeuPrimeiroViewController.h */,
				24FC1B3C1832337A00BDAF3E /* DSMMeuPrimeiroViewController.m */,
				24FC1B3D1832337A00BDAF3E /* DSMMeuPrimeiroViewController.xib */,
				24F58900183A13AA00747A27 /* DSMMeuSegundoViewController.h */,
				24F58901183A13AA00747A27 /* DSMMeuSegundoViewController.m */,
				24F58902183A13AA00747A27 /* DSMMeuSegundoViewController.xib */,
				24F2099A183BACB700974C30 /* DSMUtils.h */,
				24F2099B183BACB700974C30 /* DSMUtils.m */,
			);
			path = OlaMundo;
			sourceTree = "<group>";
		};
		24FC1B0A1832330200BDAF3E /* Supporting Files */ = {
			isa = PBXGroup;
			children = (
				24FC1B0B1832330200BDAF3E /* OlaMundo-Info.plist */,
				24FC1B0C1832330200BDAF3E /* InfoPlist.strings */,
				24FC1B0F1832330200BDAF3E /* main.m */,
				24FC1B111832330200BDAF3E /* OlaMundo-Prefix.pch */,
			);
			name = "Supporting Files";
			sourceTree = "<group>";
		};
		24FC1B2B1832330200BDAF3E /* OlaMundoTests */ = {
			isa = PBXGroup;
			children = (
				24FC1B311832330200BDAF3E /* OlaMundoTests.m */,
				24FC1B2C1832330200BDAF3E /* Supporting Files */,
			);
			path = OlaMundoTests;
			sourceTree = "<group>";
		};
		24FC1B2C1832330200BDAF3E /* Supporting Files */ = {
			isa = PBXGroup;
			children = (
				24FC1B2D1832330200BDAF3E /* OlaMundoTests-Info.plist */,
				24FC1B2E1832330200BDAF3E /* InfoPlist.strings */,
			);
			name = "Supporting Files";
			sourceTree = "<group>";
		};
/* End PBXGroup section */

/* Begin PBXNativeTarget section */
		24FC1AFF1832330200BDAF3E /* OlaMundo */ = {
			isa = PBXNativeTarget;
			buildConfigurationList = 24FC1B351832330200BDAF3E /* Build configuration list for PBXNativeTarget "OlaMundo" */;
			buildPhases = (
				24FC1AFC1832330200BDAF3E /* Sources */,
				24FC1AFD1832330200BDAF3E /* Frameworks */,
				24FC1AFE1832330200BDAF3E /* Resources */,
			);
			buildRules = (
			);
			dependencies = (
			);
			name = OlaMundo;
			productName = OlaMundo;
			productReference = 24FC1B001832330200BDAF3E /* OlaMundo.app */;
			productType = "com.apple.product-type.application";
		};
		24FC1B231832330200BDAF3E /* OlaMundoTests */ = {
			isa = PBXNativeTarget;
			buildConfigurationList = 24FC1B381832330200BDAF3E /* Build configuration list for PBXNativeTarget "OlaMundoTests" */;
			buildPhases = (
				24FC1B201832330200BDAF3E /* Sources */,
				24FC1B211832330200BDAF3E /* Frameworks */,
				24FC1B221832330200BDAF3E /* Resources */,
			);
			buildRules = (
			);
			dependencies = (
				24FC1B2A1832330200BDAF3E /* PBXTargetDependency */,
			);
			name = OlaMundoTests;
			productName = OlaMundoTests;
			productReference = 24FC1B241832330200BDAF3E /* OlaMundoTests.xctest */;
			productType = "com.apple.product-type.bundle.unit-test";
		};
/* End PBXNativeTarget section */

/* Begin PBXProject section */
		24FC1AF81832330200BDAF3E /* Project object */ = {
			isa = PBXProject;
			attributes = {
				CLASSPREFIX = DSM;
				LastUpgradeCheck = 0500;
				ORGANIZATIONNAME = "DSM Brasil Produtos Nutricionais SA";
				TargetAttributes = {
					24FC1B231832330200BDAF3E = {
						TestTargetID = 24FC1AFF1832330200BDAF3E;
					};
				};
			};
			buildConfigurationList = 24FC1AFB1832330200BDAF3E /* Build configuration list for PBXProject "OlaMundo" */;
			compatibilityVersion = "Xcode 3.2";
			developmentRegion = English;
			hasScannedForEncodings = 0;
			knownRegions = (
				en,
				Base,
			);
			mainGroup = 24FC1AF71832330200BDAF3E;
			productRefGroup = 24FC1B011832330200BDAF3E /* Products */;
			projectDirPath = "";
			projectRoot = "";
			targets = (
				24FC1AFF1832330200BDAF3E /* OlaMundo */,
				24FC1B231832330200BDAF3E /* OlaMundoTests */,
			);
		};
/* End PBXProject section */

/* Begin PBXResourcesBuildPhase section */
		24FC1AFE1832330200BDAF3E /* Resources */ = {
			isa = PBXResourcesBuildPhase;
			buildActionMask = 2147483647;
			files = (
				2415DE4A18337AD0006E216B /* appstore_1024x1024.png in Resources */,
				2415DE5418337AD0006E216B /* icon-iPad@2x.png in Resources */,
				24FC1B1A1832330200BDAF3E /* Main_iPad.storyboard in Resources */,
				2415DE4E18337AD0006E216B /* Default-Portrait@2x~iPad.png in Resources */,
				2415DE5518337AD0006E216B /* icon-iPhone.png in Resources */,
				24FC1B1F1832330200BDAF3E /* Images.xcassets in Resources */,
				2415DE5118337AD0006E216B /* Default@2x.png in Resources */,
				2415DE4C18337AD0006E216B /* Default-Landscape@2x~iPad.png in Resources */,
				24FC1B171832330200BDAF3E /* Main_iPhone.storyboard in Resources */,
				24FC1B3F1832337A00BDAF3E /* DSMMeuPrimeiroViewController.xib in Resources */,
				2415DE5318337AD0006E216B /* icon-iPad.png in Resources */,
				2415DE5018337AD0006E216B /* Default.png in Resources */,
				2415DE4D18337AD0006E216B /* Default-Landscape~iPad.png in Resources */,
				2415DE5B18337AD0006E216B /* tab_sobre@2x.png in Resources */,
				2415DE5818337AD0006E216B /* tab_carros.png in Resources */,
				24F58904183A13AA00747A27 /* DSMMeuSegundoViewController.xib in Resources */,
				2415DE4B18337AD0006E216B /* Default-568h@2x.png in Resources */,
				2415DE5618337AD0006E216B /* icon-iPhone@2x.png in Resources */,
				24FC1B0E1832330200BDAF3E /* InfoPlist.strings in Resources */,
				2415DE5A18337AD0006E216B /* tab_sobre.png in Resources */,
				2415DE5718337AD0006E216B /* mclaren.png in Resources */,
				2415DE4F18337AD0006E216B /* Default-Portrait~iPad.png in Resources */,
				2415DE5218337AD0006E216B /* ferrari_ff.png in Resources */,
				2415DE5918337AD0006E216B /* tab_carros@2x.png in Resources */,
			);
			runOnlyForDeploymentPostprocessing = 0;
		};
		24FC1B221832330200BDAF3E /* Resources */ = {
			isa = PBXResourcesBuildPhase;
			buildActionMask = 2147483647;
			files = (
				24FC1B301832330200BDAF3E /* InfoPlist.strings in Resources */,
			);
			runOnlyForDeploymentPostprocessing = 0;
		};
/* End PBXResourcesBuildPhase section */

/* Begin PBXSourcesBuildPhase section */
		24FC1AFC1832330200BDAF3E /* Sources */ = {
			isa = PBXSourcesBuildPhase;
			buildActionMask = 2147483647;
			files = (
				24F2099C183BACB700974C30 /* DSMUtils.m in Sources */,
				24FC1B101832330200BDAF3E /* main.m in Sources */,
				24FC1B1D1832330200BDAF3E /* DSMViewController.m in Sources */,
				24FC1B3E1832337A00BDAF3E /* DSMMeuPrimeiroViewController.m in Sources */,
				24F58903183A13AA00747A27 /* DSMMeuSegundoViewController.m in Sources */,
				24FC1B141832330200BDAF3E /* DSMAppDelegate.m in Sources */,
			);
			runOnlyForDeploymentPostprocessing = 0;
		};
		24FC1B201832330200BDAF3E /* Sources */ = {
			isa = PBXSourcesBuildPhase;
			buildActionMask = 2147483647;
			files = (
				24FC1B321832330200BDAF3E /* OlaMundoTests.m in Sources */,
			);
			runOnlyForDeploymentPostprocessing = 0;
		};
/* End PBXSourcesBuildPhase section */

/* Begin PBXTargetDependency section */
		24FC1B2A1832330200BDAF3E /* PBXTargetDependency */ = {
			isa = PBXTargetDependency;
			target = 24FC1AFF1832330200BDAF3E /* OlaMundo */;
			targetProxy = 24FC1B291832330200BDAF3E /* PBXContainerItemProxy */;
		};
/* End PBXTargetDependency section */

/* Begin PBXVariantGroup section */
		24FC1B0C1832330200BDAF3E /* InfoPlist.strings */ = {
			isa = PBXVariantGroup;
			children = (
				24FC1B0D1832330200BDAF3E /* en */,
			);
			name = InfoPlist.strings;
			sourceTree = "<group>";
		};
		24FC1B151832330200BDAF3E /* Main_iPhone.storyboard */ = {
			isa = PBXVariantGroup;
			children = (
				24FC1B161832330200BDAF3E /* Base */,
			);
			name = Main_iPhone.storyboard;
			sourceTree = "<group>";
		};
		24FC1B181832330200BDAF3E /* Main_iPad.storyboard */ = {
			isa = PBXVariantGroup;
			children = (
				24FC1B191832330200BDAF3E /* Base */,
			);
			name = Main_iPad.storyboard;
			sourceTree = "<group>";
		};
		24FC1B2E1832330200BDAF3E /* InfoPlist.strings */ = {
			isa = PBXVariantGroup;
			children = (
				24FC1B2F1832330200BDAF3E /* en */,
			);
			name = InfoPlist.strings;
			sourceTree = "<group>";
		};
/* End PBXVariantGroup section */

/* Begin XCBuildConfiguration section */
		24FC1B331832330200BDAF3E /* Debug */ = {
			isa = XCBuildConfiguration;
			buildSettings = {
				ALWAYS_SEARCH_USER_PATHS = NO;
				ARCHS = "$(ARCHS_STANDARD_INCLUDING_64_BIT)";
				CLANG_CXX_LANGUAGE_STANDARD = "gnu++0x";
				CLANG_CXX_LIBRARY = "libc++";
				CLANG_ENABLE_MODULES = YES;
				CLANG_ENABLE_OBJC_ARC = YES;
				CLANG_WARN_BOOL_CONVERSION = YES;
				CLANG_WARN_CONSTANT_CONVERSION = YES;
				CLANG_WARN_DIRECT_OBJC_ISA_USAGE = YES_ERROR;
				CLANG_WARN_EMPTY_BODY = YES;
				CLANG_WARN_ENUM_CONVERSION = YES;
				CLANG_WARN_INT_CONVERSION = YES;
				CLANG_WARN_OBJC_ROOT_CLASS = YES_ERROR;
				CLANG_WARN__DUPLICATE_METHOD_MATCH = YES;
				"CODE_SIGN_IDENTITY[sdk=iphoneos*]" = "iPhone Developer";
				COPY_PHASE_STRIP = NO;
				GCC_C_LANGUAGE_STANDARD = gnu99;
				GCC_DYNAMIC_NO_PIC = NO;
				GCC_OPTIMIZATION_LEVEL = 0;
				GCC_PREPROCESSOR_DEFINITIONS = (
					"DEBUG=1",
					"$(inherited)",
				);
				GCC_SYMBOLS_PRIVATE_EXTERN = NO;
				GCC_WARN_64_TO_32_BIT_CONVERSION = YES;
				GCC_WARN_ABOUT_RETURN_TYPE = YES_ERROR;
				GCC_WARN_UNDECLARED_SELECTOR = YES;
				GCC_WARN_UNINITIALIZED_AUTOS = YES;
				GCC_WARN_UNUSED_FUNCTION = YES;
				GCC_WARN_UNUSED_VARIABLE = YES;
				IPHONEOS_DEPLOYMENT_TARGET = 7.0;
				ONLY_ACTIVE_ARCH = YES;
				SDKROOT = iphoneos;
				TARGETED_DEVICE_FAMILY = "1,2";
			};
			name = Debug;
		};
		24FC1B341832330200BDAF3E /* Release */ = {
			isa = XCBuildConfiguration;
			buildSettings = {
				ALWAYS_SEARCH_USER_PATHS = NO;
				ARCHS = "$(ARCHS_STANDARD_INCLUDING_64_BIT)";
				CLANG_CXX_LANGUAGE_STANDARD = "gnu++0x";
				CLANG_CXX_LIBRARY = "libc++";
				CLANG_ENABLE_MODULES = YES;
				CLANG_ENABLE_OBJC_ARC = YES;
				CLANG_WARN_BOOL_CONVERSION = YES;
				CLANG_WARN_CONSTANT_CONVERSION = YES;
				CLANG_WARN_DIRECT_OBJC_ISA_USAGE = YES_ERROR;
				CLANG_WARN_EMPTY_BODY = YES;
				CLANG_WARN_ENUM_CONVERSION = YES;
				CLANG_WARN_INT_CONVERSION = YES;
				CLANG_WARN_OBJC_ROOT_CLASS = YES_ERROR;
				CLANG_WARN__DUPLICATE_METHOD_MATCH = YES;
				"CODE_SIGN_IDENTITY[sdk=iphoneos*]" = "iPhone Developer";
				COPY_PHASE_STRIP = YES;
				ENABLE_NS_ASSERTIONS = NO;
				GCC_C_LANGUAGE_STANDARD = gnu99;
				GCC_WARN_64_TO_32_BIT_CONVERSION = YES;
				GCC_WARN_ABOUT_RETURN_TYPE = YES_ERROR;
				GCC_WARN_UNDECLARED_SELECTOR = YES;
				GCC_WARN_UNINITIALIZED_AUTOS = YES;
				GCC_WARN_UNUSED_FUNCTION = YES;
				GCC_WARN_UNUSED_VARIABLE = YES;
				IPHONEOS_DEPLOYMENT_TARGET = 7.0;
				SDKROOT = iphoneos;
				TARGETED_DEVICE_FAMILY = "1,2";
				VALIDATE_PRODUCT = YES;
			};
			name = Release;
		};
		24FC1B361832330200BDAF3E /* Debug */ = {
			isa = XCBuildConfiguration;
			buildSettings = {
				ASSETCATALOG_COMPILER_APPICON_NAME = AppIcon;
				ASSETCATALOG_COMPILER_LAUNCHIMAGE_NAME = LaunchImage;
				CODE_SIGN_IDENTITY = "iPhone Developer";
				GCC_PRECOMPILE_PREFIX_HEADER = YES;
				GCC_PREFIX_HEADER = "OlaMundo/OlaMundo-Prefix.pch";
				INFOPLIST_FILE = "OlaMundo/OlaMundo-Info.plist";
				IPHONEOS_DEPLOYMENT_TARGET = 6.0;
				PRODUCT_NAME = "$(TARGET_NAME)";
				WRAPPER_EXTENSION = app;
			};
			name = Debug;
		};
		24FC1B371832330200BDAF3E /* Release */ = {
			isa = XCBuildConfiguration;
			buildSettings = {
				ASSETCATALOG_COMPILER_APPICON_NAME = AppIcon;
				ASSETCATALOG_COMPILER_LAUNCHIMAGE_NAME = LaunchImage;
				CODE_SIGN_IDENTITY = "iPhone Developer";
				GCC_PRECOMPILE_PREFIX_HEADER = YES;
				GCC_PREFIX_HEADER = "OlaMundo/OlaMundo-Prefix.pch";
				INFOPLIST_FILE = "OlaMundo/OlaMundo-Info.plist";
				IPHONEOS_DEPLOYMENT_TARGET = 6.0;
				PRODUCT_NAME = "$(TARGET_NAME)";
				WRAPPER_EXTENSION = app;
			};
			name = Release;
		};
		24FC1B391832330200BDAF3E /* Debug */ = {
			isa = XCBuildConfiguration;
			buildSettings = {
				ARCHS = "$(ARCHS_STANDARD_INCLUDING_64_BIT)";
				BUNDLE_LOADER = "$(BUILT_PRODUCTS_DIR)/OlaMundo.app/OlaMundo";
				FRAMEWORK_SEARCH_PATHS = (
					"$(SDKROOT)/Developer/Library/Frameworks",
					"$(inherited)",
					"$(DEVELOPER_FRAMEWORKS_DIR)",
				);
				GCC_PRECOMPILE_PREFIX_HEADER = YES;
				GCC_PREFIX_HEADER = "OlaMundo/OlaMundo-Prefix.pch";
				GCC_PREPROCESSOR_DEFINITIONS = (
					"DEBUG=1",
					"$(inherited)",
				);
				INFOPLIST_FILE = "OlaMundoTests/OlaMundoTests-Info.plist";
				PRODUCT_NAME = "$(TARGET_NAME)";
				TEST_HOST = "$(BUNDLE_LOADER)";
				WRAPPER_EXTENSION = xctest;
			};
			name = Debug;
		};
		24FC1B3A1832330200BDAF3E /* Release */ = {
			isa = XCBuildConfiguration;
			buildSettings = {
				ARCHS = "$(ARCHS_STANDARD_INCLUDING_64_BIT)";
				BUNDLE_LOADER = "$(BUILT_PRODUCTS_DIR)/OlaMundo.app/OlaMundo";
				FRAMEWORK_SEARCH_PATHS = (
					"$(SDKROOT)/Developer/Library/Frameworks",
					"$(inherited)",
					"$(DEVELOPER_FRAMEWORKS_DIR)",
				);
				GCC_PRECOMPILE_PREFIX_HEADER = YES;
				GCC_PREFIX_HEADER = "OlaMundo/OlaMundo-Prefix.pch";
				INFOPLIST_FILE = "OlaMundoTests/OlaMundoTests-Info.plist";
				PRODUCT_NAME = "$(TARGET_NAME)";
				TEST_HOST = "$(BUNDLE_LOADER)";
				WRAPPER_EXTENSION = xctest;
			};
			name = Release;
		};
/* End XCBuildConfiguration section */

/* Begin XCConfigurationList section */
		24FC1AFB1832330200BDAF3E /* Build configuration list for PBXProject "OlaMundo" */ = {
			isa = XCConfigurationList;
			buildConfigurations = (
				24FC1B331832330200BDAF3E /* Debug */,
				24FC1B341832330200BDAF3E /* Release */,
			);
			defaultConfigurationIsVisible = 0;
			defaultConfigurationName = Release;
		};
		24FC1B351832330200BDAF3E /* Build configuration list for PBXNativeTarget "OlaMundo" */ = {
			isa = XCConfigurationList;
			buildConfigurations = (
				24FC1B361832330200BDAF3E /* Debug */,
				24FC1B371832330200BDAF3E /* Release */,
			);
			defaultConfigurationIsVisible = 0;
			defaultConfigurationName = Release;
		};
		24FC1B381832330200BDAF3E /* Build configuration list for PBXNativeTarget "OlaMundoTests" */ = {
			isa = XCConfigurationList;
			buildConfigurations = (
				24FC1B391832330200BDAF3E /* Debug */,
				24FC1B3A1832330200BDAF3E /* Release */,
			);
			defaultConfigurationIsVisible = 0;
			defaultConfigurationName = Release;
		};
/* End XCConfigurationList section */
	};
	rootObject = 24FC1AF81832330200BDAF3E /* Project object */;
}
